speakeasyVersion: 1.570.2
sources:
    DeepcrawlApp:
        sourceNamespace: deepcrawl-app
        sourceRevisionDigest: sha256:17cc57cd2dad2013e4f4a051a61cd21cb29962e1316f8a4e91631f1674608496
        sourceBlobDigest: sha256:00506afd5821945d7b972ddb5119bc3672a6143a7b55c73194bd8c2ad45a2b1b
        tags:
            - latest
            - speakeasy-sdk-regen-1750810499
            - 0.0.1
targets:
    deepcrawl-app:
        source: DeepcrawlApp
        sourceNamespace: deepcrawl-app
        sourceRevisionDigest: sha256:17cc57cd2dad2013e4f4a051a61cd21cb29962e1316f8a4e91631f1674608496
        sourceBlobDigest: sha256:00506afd5821945d7b972ddb5119bc3672a6143a7b55c73194bd8c2ad45a2b1b
        codeSamplesNamespace: deepcrawl-app-typescript-code-samples
        codeSamplesRevisionDigest: sha256:24103022f48da46082138e123bf0ace546d17150be3966ff53ba538cd379a267
workflow:
    workflowVersion: 1.0.0
    speakeasyVersion: latest
    sources:
        DeepcrawlApp:
            inputs:
                - location: https://api.deepcrawl.dev/openapi
            output: .speakeasy/out.openapi.yaml
            registry:
                location: registry.speakeasyapi.dev/dc/sdk/deepcrawl-app
    targets:
        deepcrawl-app:
            target: typescript
            source: DeepcrawlApp
            publish:
                npm:
                    token: $npm_token
            codeSamples:
                registry:
                    location: registry.speakeasyapi.dev/dc/sdk/deepcrawl-app-typescript-code-samples
                labelOverride:
                    fixedValue: Typescript (SDK)
                blocking: false
