speakeasyVersion: 1.568.2
sources:
    DeepcrawlApp:
        sourceNamespace: deepcrawl-app
        sourceRevisionDigest: sha256:9d9a5119835934b69a94adccbfd49f8f5664f68889d31845bcaaeb16a54d3d0c
        sourceBlobDigest: sha256:00506afd5821945d7b972ddb5119bc3672a6143a7b55c73194bd8c2ad45a2b1b
        tags:
            - latest
            - 0.0.1
targets:
    deepcrawl-app:
        source: DeepcrawlApp
        sourceNamespace: deepcrawl-app
        sourceRevisionDigest: sha256:9d9a5119835934b69a94adccbfd49f8f5664f68889d31845bcaaeb16a54d3d0c
        sourceBlobDigest: sha256:00506afd5821945d7b972ddb5119bc3672a6143a7b55c73194bd8c2ad45a2b1b
        codeSamplesNamespace: deepcrawl-app-typescript-code-samples
        codeSamplesRevisionDigest: sha256:d397aa62c66a1927f4e17af8212700e61ca5cbb05129e88801a2c63fe5803d77
workflow:
    workflowVersion: 1.0.0
    speakeasyVersion: latest
    sources:
        DeepcrawlApp:
            inputs:
                - location: https://api.deepcrawl.dev/openapi
            output: .speakeasy/out.openapi.yaml
            registry:
                location: registry.speakeasyapi.dev/dc/sdk/deepcrawl-app
    targets:
        deepcrawl-app:
            target: typescript
            source: DeepcrawlApp
            publish:
                npm:
                    token: $npm_token
            codeSamples:
                registry:
                    location: registry.speakeasyapi.dev/dc/sdk/deepcrawl-app-typescript-code-samples
                labelOverride:
                    fixedValue: Typescript (SDK)
                blocking: false
